{
  "name": "test-workspaces",
  "version": "0.1.0",
  "lockfileVersion": 2,
  "requires": true,
  "packages": {
    "": {
      "name": "test-workspaces",
      "version": "0.1.0",
      "workspaces": [
        "package-a",
        "package-z"
      ]
    },
    "node_modules/package-a": {
      "resolved": "package-a",
      "link": true
    },
    "node_modules/package-z": {
      "resolved": "package-z",
      "link": true
    },
    "package-a": {
      "version": "0.1.0",
      "license": "ISC",
      "dependencies": {
        "package-z": "*"
      }
    },
    "package-z": {
      "version": "0.1.0",
      "license": "ISC",
      "devDependencies": {}
    }
  },
  "dependencies": {
    "package-a": {
      "version": "file:package-a",
      "requires": {
        "package-z": "*"
      }
    },
    "package-z": {
      "version": "file:package-z"
    }
  }
}
